
Microsoft Visual Studio Solution File, Format Version 12.00
# Visual Studio Version 16
VisualStudioVersion = 25.0.1705.3
MinimumVisualStudioVersion = 10.0.40219.1
Project("{FAE04EC0-301F-11D3-BF4B-00C04F79EFBC}") = "FinalPrep", "FinalPrep.csproj", "{9EC58248-A7CC-46C6-8C5D-A46F86FAF27F}"
EndProject
Global
	GlobalSection(SolutionConfigurationPlatforms) = preSolution
		Debug|Any CPU = Debug|Any CPU
		Release|Any CPU = Release|Any CPU
	EndGlobalSection
	GlobalSection(ProjectConfigurationPlatforms) = postSolution
		{9EC58248-A7CC-46C6-8C5D-A46F86FAF27F}.Debug|Any CPU.ActiveCfg = Debug|Any CPU
		{9EC58248-A7CC-46C6-8C5D-A46F86FAF27F}.Debug|Any CPU.Build.0 = Debug|Any CPU
		{9EC58248-A7CC-46C6-8C5D-A46F86FAF27F}.Release|Any CPU.ActiveCfg = Release|Any CPU
		{9EC58248-A7CC-46C6-8C5D-A46F86FAF27F}.Release|Any CPU.Build.0 = Release|Any CPU
	EndGlobalSection
	GlobalSection(SolutionProperties) = preSolution
		HideSolutionNode = FALSE
	EndGlobalSection
	GlobalSection(ExtensibilityGlobals) = postSolution
		SolutionGuid = {D5B7477D-7FC9-4595-ADC9-CB4828261B80}
	EndGlobalSection
EndGlobal
